// !$*UTF8*$!
{
	archiveVersion = 1;
	classes = {
	};
	objectVersion = 46;
	objects = {

/* Begin PBXBuildFile section */
		294D410B1B95808100C83ADF /* ELDiscoverListCell.m in Sources */ = {isa = PBXBuildFile; fileRef = 294D41091B95808100C83ADF /* ELDiscoverListCell.m */; };
		294D410C1B95808100C83ADF /* ELDiscoverListCell.xib in Resources */ = {isa = PBXBuildFile; fileRef = 294D410A1B95808100C83ADF /* ELDiscoverListCell.xib */; };
		294D41131B959C3A00C83ADF /* SpringCollectionViewFlowLayout.m in Sources */ = {isa = PBXBuildFile; fileRef = 294D41121B959C3A00C83ADF /* SpringCollectionViewFlowLayout.m */; };
		294D41151B959F5200C83ADF /* ExploreListVC.m in Sources */ = {isa = PBXBuildFile; fileRef = 294D41141B959F5200C83ADF /* ExploreListVC.m */; };
		294D41171B96D06E00C83ADF /* Explore_bg.png in Resources */ = {isa = PBXBuildFile; fileRef = 294D41161B96D06E00C83ADF /* Explore_bg.png */; };
		2987956B1B98159300FA468F /* 03_A_Explore_Discover_View_All.png in Resources */ = {isa = PBXBuildFile; fileRef = 2987956A1B98159300FA468F /* 03_A_Explore_Discover_View_All.png */; };
		2987956E1B9816C200FA468F /* back.png in Resources */ = {isa = PBXBuildFile; fileRef = 2987956C1B9816C200FA468F /* back.png */; };
		2987956F1B9816C200FA468F /* filter.png in Resources */ = {isa = PBXBuildFile; fileRef = 2987956D1B9816C200FA468F /* filter.png */; };
		298795721B98189A00FA468F /* pieMenu.png in Resources */ = {isa = PBXBuildFile; fileRef = 298795701B98189A00FA468F /* pieMenu.png */; };
		298795731B98189A00FA468F /* search.png in Resources */ = {isa = PBXBuildFile; fileRef = 298795711B98189A00FA468F /* search.png */; };
		2994C6101B9082AD00742A93 /* ExploreDataModel.m in Sources */ = {isa = PBXBuildFile; fileRef = 2994C60F1B9082AD00742A93 /* ExploreDataModel.m */; };
		29A1D80F1B942A18003AEA54 /* LoginService.m in Sources */ = {isa = PBXBuildFile; fileRef = 29A1D80E1B942A18003AEA54 /* LoginService.m */; };
		29A1D81D1B942A57003AEA54 /* BottomBar.png in Resources */ = {isa = PBXBuildFile; fileRef = 29A1D8101B942A57003AEA54 /* BottomBar.png */; };
		29A1D81E1B942A57003AEA54 /* Comm_icon.png in Resources */ = {isa = PBXBuildFile; fileRef = 29A1D8111B942A57003AEA54 /* Comm_icon.png */; };
		29A1D81F1B942A57003AEA54 /* Dash_icon.png in Resources */ = {isa = PBXBuildFile; fileRef = 29A1D8121B942A57003AEA54 /* Dash_icon.png */; };
		29A1D8201B942A57003AEA54 /* EventPlaner.png in Resources */ = {isa = PBXBuildFile; fileRef = 29A1D8131B942A57003AEA54 /* EventPlaner.png */; };
		29A1D8211B942A57003AEA54 /* Explore_icon.png in Resources */ = {isa = PBXBuildFile; fileRef = 29A1D8141B942A57003AEA54 /* Explore_icon.png */; };
		29A1D8221B942A57003AEA54 /* Explore_list.png in Resources */ = {isa = PBXBuildFile; fileRef = 29A1D8151B942A57003AEA54 /* Explore_list.png */; };
		29A1D8231B942A57003AEA54 /* Explore.png in Resources */ = {isa = PBXBuildFile; fileRef = 29A1D8161B942A57003AEA54 /* Explore.png */; };
		29A1D8241B942A57003AEA54 /* Messages_icon.png in Resources */ = {isa = PBXBuildFile; fileRef = 29A1D8171B942A57003AEA54 /* Messages_icon.png */; };
		29A1D8251B942A57003AEA54 /* recomend.png in Resources */ = {isa = PBXBuildFile; fileRef = 29A1D8181B942A57003AEA54 /* recomend.png */; };
		29A1D8261B942A57003AEA54 /* selection.png in Resources */ = {isa = PBXBuildFile; fileRef = 29A1D8191B942A57003AEA54 /* selection.png */; };
		29A1D8271B942A57003AEA54 /* Shop_icon.png in Resources */ = {isa = PBXBuildFile; fileRef = 29A1D81A1B942A57003AEA54 /* Shop_icon.png */; };
		29A1D8281B942A57003AEA54 /* Shop_selected.png in Resources */ = {isa = PBXBuildFile; fileRef = 29A1D81B1B942A57003AEA54 /* Shop_selected.png */; };
		29A1D8291B942A57003AEA54 /* Shop.png in Resources */ = {isa = PBXBuildFile; fileRef = 29A1D81C1B942A57003AEA54 /* Shop.png */; };
		29A1D82E1B9434F5003AEA54 /* AppUtils.m in Sources */ = {isa = PBXBuildFile; fileRef = 29A1D82D1B9434F5003AEA54 /* AppUtils.m */; };
		29A1D8301B945200003AEA54 /* avatar.png in Resources */ = {isa = PBXBuildFile; fileRef = 29A1D82F1B945200003AEA54 /* avatar.png */; };
		29B245D11B9425BC0040C306 /* RecomendationActivities.m in Sources */ = {isa = PBXBuildFile; fileRef = 29B245C01B9425BC0040C306 /* RecomendationActivities.m */; };
		29B245D21B9425BC0040C306 /* RecomendationBaseClass.m in Sources */ = {isa = PBXBuildFile; fileRef = 29B245C21B9425BC0040C306 /* RecomendationBaseClass.m */; };
		29B245D31B9425BC0040C306 /* RecomendationChildren.m in Sources */ = {isa = PBXBuildFile; fileRef = 29B245C41B9425BC0040C306 /* RecomendationChildren.m */; };
		29B245D41B9425BC0040C306 /* RecomendationDiscover.m in Sources */ = {isa = PBXBuildFile; fileRef = 29B245C61B9425BC0040C306 /* RecomendationDiscover.m */; };
		29B245D51B9425BC0040C306 /* RecomendationEvents.m in Sources */ = {isa = PBXBuildFile; fileRef = 29B245C81B9425BC0040C306 /* RecomendationEvents.m */; };
		29B245D61B9425BC0040C306 /* RecomendationExperiences.m in Sources */ = {isa = PBXBuildFile; fileRef = 29B245CA1B9425BC0040C306 /* RecomendationExperiences.m */; };
		29B245D71B9425BC0040C306 /* RecomendationMarketPlaces.m in Sources */ = {isa = PBXBuildFile; fileRef = 29B245CC1B9425BC0040C306 /* RecomendationMarketPlaces.m */; };
		29B245D81B9425BC0040C306 /* RecomendationNotifications.m in Sources */ = {isa = PBXBuildFile; fileRef = 29B245CE1B9425BC0040C306 /* RecomendationNotifications.m */; };
		29B245D91B9425BC0040C306 /* RecomendationProducts.m in Sources */ = {isa = PBXBuildFile; fileRef = 29B245D01B9425BC0040C306 /* RecomendationProducts.m */; };
		29B245DC1B9426510040C306 /* ViewController.m in Sources */ = {isa = PBXBuildFile; fileRef = 29B245DB1B9426510040C306 /* ViewController.m */; };
		29B245DF1B9426B90040C306 /* AppSingleton.m in Sources */ = {isa = PBXBuildFile; fileRef = 29B245DE1B9426B90040C306 /* AppSingleton.m */; };
		29B245E51B9427030040C306 /* SignUpVC.m in Sources */ = {isa = PBXBuildFile; fileRef = 29B245E41B9427030040C306 /* SignUpVC.m */; };
		29C5965D1B8DBEE000138989 /* main.m in Sources */ = {isa = PBXBuildFile; fileRef = 29C5965C1B8DBEE000138989 /* main.m */; };
		29C596601B8DBEE000138989 /* AppDelegate.m in Sources */ = {isa = PBXBuildFile; fileRef = 29C5965F1B8DBEE000138989 /* AppDelegate.m */; };
		29C596661B8DBEE000138989 /* Main.storyboard in Resources */ = {isa = PBXBuildFile; fileRef = 29C596641B8DBEE000138989 /* Main.storyboard */; };
		29C596681B8DBEE000138989 /* Images.xcassets in Resources */ = {isa = PBXBuildFile; fileRef = 29C596671B8DBEE000138989 /* Images.xcassets */; };
		29C5966B1B8DBEE000138989 /* LaunchScreen.xib in Resources */ = {isa = PBXBuildFile; fileRef = 29C596691B8DBEE000138989 /* LaunchScreen.xib */; };
		29C596771B8DBEE000138989 /* ParentsTests.m in Sources */ = {isa = PBXBuildFile; fileRef = 29C596761B8DBEE000138989 /* ParentsTests.m */; };
		29C596811B8DDEFA00138989 /* FBSDKCoreKit.framework in Frameworks */ = {isa = PBXBuildFile; fileRef = 29C596801B8DDEFA00138989 /* FBSDKCoreKit.framework */; };
		29C596831B8DE04600138989 /* FBSDKLoginKit.framework in Frameworks */ = {isa = PBXBuildFile; fileRef = 29C596821B8DE04600138989 /* FBSDKLoginKit.framework */; };
		29C596861B8EEF2500138989 /* HomeVC.m in Sources */ = {isa = PBXBuildFile; fileRef = 29C596851B8EEF2500138989 /* HomeVC.m */; };
		29C5968E1B8F051400138989 /* ExploreVC.m in Sources */ = {isa = PBXBuildFile; fileRef = 29C5968D1B8F051400138989 /* ExploreVC.m */; };
		29C596951B8F05E300138989 /* MessagesHomeVC.m in Sources */ = {isa = PBXBuildFile; fileRef = 29C596941B8F05E300138989 /* MessagesHomeVC.m */; };
		29C596981B8F060200138989 /* CommunityHomeVC.m in Sources */ = {isa = PBXBuildFile; fileRef = 29C596971B8F060200138989 /* CommunityHomeVC.m */; };
		29C5969B1B8F062000138989 /* DashboardHomeVC.m in Sources */ = {isa = PBXBuildFile; fileRef = 29C5969A1B8F062000138989 /* DashboardHomeVC.m */; };
		29C5969E1B8F064100138989 /* ShopHomeVC.m in Sources */ = {isa = PBXBuildFile; fileRef = 29C5969D1B8F064100138989 /* ShopHomeVC.m */; };
		9211C3A3C427E8E6CDD67CCC /* libPods.a in Frameworks */ = {isa = PBXBuildFile; fileRef = 4780BC81102B7D758096A04A /* libPods.a */; };
/* End PBXBuildFile section */

/* Begin PBXContainerItemProxy section */
		29C596711B8DBEE000138989 /* PBXContainerItemProxy */ = {
			isa = PBXContainerItemProxy;
			containerPortal = 29C5964F1B8DBEE000138989 /* Project object */;
			proxyType = 1;
			remoteGlobalIDString = 29C596561B8DBEE000138989;
			remoteInfo = Parents;
		};
/* End PBXContainerItemProxy section */

/* Begin PBXFileReference section */
		294D41081B95808100C83ADF /* ELDiscoverListCell.h */ = {isa = PBXFileReference; fileEncoding = 4; lastKnownFileType = sourcecode.c.h; name = ELDiscoverListCell.h; path = Cells/ELDiscoverListCell.h; sourceTree = "<group>"; };
		294D41091B95808100C83ADF /* ELDiscoverListCell.m */ = {isa = PBXFileReference; fileEncoding = 4; lastKnownFileType = sourcecode.c.objc; name = ELDiscoverListCell.m; path = Cells/ELDiscoverListCell.m; sourceTree = "<group>"; };
		294D410A1B95808100C83ADF /* ELDiscoverListCell.xib */ = {isa = PBXFileReference; fileEncoding = 4; lastKnownFileType = file.xib; name = ELDiscoverListCell.xib; path = Cells/ELDiscoverListCell.xib; sourceTree = "<group>"; };
		294D41111B959C3A00C83ADF /* SpringCollectionViewFlowLayout.h */ = {isa = PBXFileReference; fileEncoding = 4; lastKnownFileType = sourcecode.c.h; path = SpringCollectionViewFlowLayout.h; sourceTree = "<group>"; };
		294D41121B959C3A00C83ADF /* SpringCollectionViewFlowLayout.m */ = {isa = PBXFileReference; fileEncoding = 4; lastKnownFileType = sourcecode.c.objc; path = SpringCollectionViewFlowLayout.m; sourceTree = "<group>"; };
		294D41141B959F5200C83ADF /* ExploreListVC.m */ = {isa = PBXFileReference; fileEncoding = 4; lastKnownFileType = sourcecode.c.objc; name = ExploreListVC.m; path = Class/Home/Explore/ExploreListVC.m; sourceTree = "<group>"; };
		294D41161B96D06E00C83ADF /* Explore_bg.png */ = {isa = PBXFileReference; lastKnownFileType = image.png; name = Explore_bg.png; path = Images/Explore_bg.png; sourceTree = "<group>"; };
		2987956A1B98159300FA468F /* 03_A_Explore_Discover_View_All.png */ = {isa = PBXFileReference; lastKnownFileType = image.png; path = 03_A_Explore_Discover_View_All.png; sourceTree = "<group>"; };
		2987956C1B9816C200FA468F /* back.png */ = {isa = PBXFileReference; lastKnownFileType = image.png; name = back.png; path = Images/back.png; sourceTree = "<group>"; };
		2987956D1B9816C200FA468F /* filter.png */ = {isa = PBXFileReference; lastKnownFileType = image.png; name = filter.png; path = Images/filter.png; sourceTree = "<group>"; };
		298795701B98189A00FA468F /* pieMenu.png */ = {isa = PBXFileReference; lastKnownFileType = image.png; name = pieMenu.png; path = Images/pieMenu.png; sourceTree = "<group>"; };
		298795711B98189A00FA468F /* search.png */ = {isa = PBXFileReference; lastKnownFileType = image.png; name = search.png; path = Images/search.png; sourceTree = "<group>"; };
		2994C60E1B9082AD00742A93 /* ExploreDataModel.h */ = {isa = PBXFileReference; fileEncoding = 4; lastKnownFileType = sourcecode.c.h; name = ExploreDataModel.h; path = Class/Home/Explore/ExploreDataModel.h; sourceTree = "<group>"; };
		2994C60F1B9082AD00742A93 /* ExploreDataModel.m */ = {isa = PBXFileReference; fileEncoding = 4; lastKnownFileType = sourcecode.c.objc; name = ExploreDataModel.m; path = Class/Home/Explore/ExploreDataModel.m; sourceTree = "<group>"; };
		29A1D80D1B942A18003AEA54 /* LoginService.h */ = {isa = PBXFileReference; fileEncoding = 4; lastKnownFileType = sourcecode.c.h; name = LoginService.h; path = Class/Login/LoginService.h; sourceTree = "<group>"; };
		29A1D80E1B942A18003AEA54 /* LoginService.m */ = {isa = PBXFileReference; fileEncoding = 4; lastKnownFileType = sourcecode.c.objc; name = LoginService.m; path = Class/Login/LoginService.m; sourceTree = "<group>"; };
		29A1D8101B942A57003AEA54 /* BottomBar.png */ = {isa = PBXFileReference; lastKnownFileType = image.png; name = BottomBar.png; path = Images/BottomBar.png; sourceTree = "<group>"; };
		29A1D8111B942A57003AEA54 /* Comm_icon.png */ = {isa = PBXFileReference; lastKnownFileType = image.png; name = Comm_icon.png; path = Images/Comm_icon.png; sourceTree = "<group>"; };
		29A1D8121B942A57003AEA54 /* Dash_icon.png */ = {isa = PBXFileReference; lastKnownFileType = image.png; name = Dash_icon.png; path = Images/Dash_icon.png; sourceTree = "<group>"; };
		29A1D8131B942A57003AEA54 /* EventPlaner.png */ = {isa = PBXFileReference; lastKnownFileType = image.png; name = EventPlaner.png; path = Images/EventPlaner.png; sourceTree = "<group>"; };
		29A1D8141B942A57003AEA54 /* Explore_icon.png */ = {isa = PBXFileReference; lastKnownFileType = image.png; name = Explore_icon.png; path = Images/Explore_icon.png; sourceTree = "<group>"; };
		29A1D8151B942A57003AEA54 /* Explore_list.png */ = {isa = PBXFileReference; lastKnownFileType = image.png; name = Explore_list.png; path = Images/Explore_list.png; sourceTree = "<group>"; };
		29A1D8161B942A57003AEA54 /* Explore.png */ = {isa = PBXFileReference; lastKnownFileType = image.png; name = Explore.png; path = Images/Explore.png; sourceTree = "<group>"; };
		29A1D8171B942A57003AEA54 /* Messages_icon.png */ = {isa = PBXFileReference; lastKnownFileType = image.png; name = Messages_icon.png; path = Images/Messages_icon.png; sourceTree = "<group>"; };
		29A1D8181B942A57003AEA54 /* recomend.png */ = {isa = PBXFileReference; lastKnownFileType = image.png; name = recomend.png; path = Images/recomend.png; sourceTree = "<group>"; };
		29A1D8191B942A57003AEA54 /* selection.png */ = {isa = PBXFileReference; lastKnownFileType = image.png; name = selection.png; path = Images/selection.png; sourceTree = "<group>"; };
		29A1D81A1B942A57003AEA54 /* Shop_icon.png */ = {isa = PBXFileReference; lastKnownFileType = image.png; name = Shop_icon.png; path = Images/Shop_icon.png; sourceTree = "<group>"; };
		29A1D81B1B942A57003AEA54 /* Shop_selected.png */ = {isa = PBXFileReference; lastKnownFileType = image.png; name = Shop_selected.png; path = Images/Shop_selected.png; sourceTree = "<group>"; };
		29A1D81C1B942A57003AEA54 /* Shop.png */ = {isa = PBXFileReference; lastKnownFileType = image.png; name = Shop.png; path = Images/Shop.png; sourceTree = "<group>"; };
		29A1D82B1B942E17003AEA54 /* Config.h */ = {isa = PBXFileReference; lastKnownFileType = sourcecode.c.h; name = Config.h; path = Constants/Config.h; sourceTree = "<group>"; };
		29A1D82C1B9434F5003AEA54 /* AppUtils.h */ = {isa = PBXFileReference; fileEncoding = 4; lastKnownFileType = sourcecode.c.h; name = AppUtils.h; path = Parents/Class/Utility/AppUtils.h; sourceTree = SOURCE_ROOT; };
		29A1D82D1B9434F5003AEA54 /* AppUtils.m */ = {isa = PBXFileReference; fileEncoding = 4; lastKnownFileType = sourcecode.c.objc; name = AppUtils.m; path = Parents/Class/Utility/AppUtils.m; sourceTree = SOURCE_ROOT; };
		29A1D82F1B945200003AEA54 /* avatar.png */ = {isa = PBXFileReference; lastKnownFileType = image.png; path = avatar.png; sourceTree = "<group>"; };
		29A1D8681B956B3B003AEA54 /* ExploreListVC.h */ = {isa = PBXFileReference; fileEncoding = 4; lastKnownFileType = sourcecode.c.h; name = ExploreListVC.h; path = Class/Home/Explore/ExploreListVC.h; sourceTree = "<group>"; };
		29B245BE1B9425BC0040C306 /* DataModels.h */ = {isa = PBXFileReference; fileEncoding = 4; lastKnownFileType = sourcecode.c.h; path = DataModels.h; sourceTree = "<group>"; };
		29B245BF1B9425BC0040C306 /* RecomendationActivities.h */ = {isa = PBXFileReference; fileEncoding = 4; lastKnownFileType = sourcecode.c.h; path = RecomendationActivities.h; sourceTree = "<group>"; };
		29B245C01B9425BC0040C306 /* RecomendationActivities.m */ = {isa = PBXFileReference; fileEncoding = 4; lastKnownFileType = sourcecode.c.objc; path = RecomendationActivities.m; sourceTree = "<group>"; };
		29B245C11B9425BC0040C306 /* RecomendationBaseClass.h */ = {isa = PBXFileReference; fileEncoding = 4; lastKnownFileType = sourcecode.c.h; path = RecomendationBaseClass.h; sourceTree = "<group>"; };
		29B245C21B9425BC0040C306 /* RecomendationBaseClass.m */ = {isa = PBXFileReference; fileEncoding = 4; lastKnownFileType = sourcecode.c.objc; path = RecomendationBaseClass.m; sourceTree = "<group>"; };
		29B245C31B9425BC0040C306 /* RecomendationChildren.h */ = {isa = PBXFileReference; fileEncoding = 4; lastKnownFileType = sourcecode.c.h; path = RecomendationChildren.h; sourceTree = "<group>"; };
		29B245C41B9425BC0040C306 /* RecomendationChildren.m */ = {isa = PBXFileReference; fileEncoding = 4; lastKnownFileType = sourcecode.c.objc; path = RecomendationChildren.m; sourceTree = "<group>"; };
		29B245C51B9425BC0040C306 /* RecomendationDiscover.h */ = {isa = PBXFileReference; fileEncoding = 4; lastKnownFileType = sourcecode.c.h; path = RecomendationDiscover.h; sourceTree = "<group>"; };
		29B245C61B9425BC0040C306 /* RecomendationDiscover.m */ = {isa = PBXFileReference; fileEncoding = 4; lastKnownFileType = sourcecode.c.objc; path = RecomendationDiscover.m; sourceTree = "<group>"; };
		29B245C71B9425BC0040C306 /* RecomendationEvents.h */ = {isa = PBXFileReference; fileEncoding = 4; lastKnownFileType = sourcecode.c.h; path = RecomendationEvents.h; sourceTree = "<group>"; };
		29B245C81B9425BC0040C306 /* RecomendationEvents.m */ = {isa = PBXFileReference; fileEncoding = 4; lastKnownFileType = sourcecode.c.objc; path = RecomendationEvents.m; sourceTree = "<group>"; };
		29B245C91B9425BC0040C306 /* RecomendationExperiences.h */ = {isa = PBXFileReference; fileEncoding = 4; lastKnownFileType = sourcecode.c.h; path = RecomendationExperiences.h; sourceTree = "<group>"; };
		29B245CA1B9425BC0040C306 /* RecomendationExperiences.m */ = {isa = PBXFileReference; fileEncoding = 4; lastKnownFileType = sourcecode.c.objc; path = RecomendationExperiences.m; sourceTree = "<group>"; };
		29B245CB1B9425BC0040C306 /* RecomendationMarketPlaces.h */ = {isa = PBXFileReference; fileEncoding = 4; lastKnownFileType = sourcecode.c.h; path = RecomendationMarketPlaces.h; sourceTree = "<group>"; };
		29B245CC1B9425BC0040C306 /* RecomendationMarketPlaces.m */ = {isa = PBXFileReference; fileEncoding = 4; lastKnownFileType = sourcecode.c.objc; path = RecomendationMarketPlaces.m; sourceTree = "<group>"; };
		29B245CD1B9425BC0040C306 /* RecomendationNotifications.h */ = {isa = PBXFileReference; fileEncoding = 4; lastKnownFileType = sourcecode.c.h; path = RecomendationNotifications.h; sourceTree = "<group>"; };
		29B245CE1B9425BC0040C306 /* RecomendationNotifications.m */ = {isa = PBXFileReference; fileEncoding = 4; lastKnownFileType = sourcecode.c.objc; path = RecomendationNotifications.m; sourceTree = "<group>"; };
		29B245CF1B9425BC0040C306 /* RecomendationProducts.h */ = {isa = PBXFileReference; fileEncoding = 4; lastKnownFileType = sourcecode.c.h; path = RecomendationProducts.h; sourceTree = "<group>"; };
		29B245D01B9425BC0040C306 /* RecomendationProducts.m */ = {isa = PBXFileReference; fileEncoding = 4; lastKnownFileType = sourcecode.c.objc; path = RecomendationProducts.m; sourceTree = "<group>"; };
		29B245DA1B9426510040C306 /* ViewController.h */ = {isa = PBXFileReference; fileEncoding = 4; lastKnownFileType = sourcecode.c.h; name = ViewController.h; path = Class/Login/ViewController.h; sourceTree = "<group>"; };
		29B245DB1B9426510040C306 /* ViewController.m */ = {isa = PBXFileReference; fileEncoding = 4; lastKnownFileType = sourcecode.c.objc; name = ViewController.m; path = Class/Login/ViewController.m; sourceTree = "<group>"; };
		29B245DD1B9426B90040C306 /* AppSingleton.h */ = {isa = PBXFileReference; fileEncoding = 4; lastKnownFileType = sourcecode.c.h; name = AppSingleton.h; path = Parents/Class/Utility/AppSingleton.h; sourceTree = SOURCE_ROOT; };
		29B245DE1B9426B90040C306 /* AppSingleton.m */ = {isa = PBXFileReference; fileEncoding = 4; lastKnownFileType = sourcecode.c.objc; name = AppSingleton.m; path = Parents/Class/Utility/AppSingleton.m; sourceTree = SOURCE_ROOT; };
		29B245E31B9427030040C306 /* SignUpVC.h */ = {isa = PBXFileReference; fileEncoding = 4; lastKnownFileType = sourcecode.c.h; name = SignUpVC.h; path = Class/Login/SignUpVC.h; sourceTree = "<group>"; };
		29B245E41B9427030040C306 /* SignUpVC.m */ = {isa = PBXFileReference; fileEncoding = 4; lastKnownFileType = sourcecode.c.objc; name = SignUpVC.m; path = Class/Login/SignUpVC.m; sourceTree = "<group>"; };
		29C596571B8DBEE000138989 /* Parents.app */ = {isa = PBXFileReference; explicitFileType = wrapper.application; includeInIndex = 0; path = Parents.app; sourceTree = BUILT_PRODUCTS_DIR; };
		29C5965B1B8DBEE000138989 /* Info.plist */ = {isa = PBXFileReference; lastKnownFileType = text.plist.xml; path = Info.plist; sourceTree = "<group>"; };
		29C5965C1B8DBEE000138989 /* main.m */ = {isa = PBXFileReference; lastKnownFileType = sourcecode.c.objc; path = main.m; sourceTree = "<group>"; };
		29C5965E1B8DBEE000138989 /* AppDelegate.h */ = {isa = PBXFileReference; lastKnownFileType = sourcecode.c.h; path = AppDelegate.h; sourceTree = "<group>"; };
		29C5965F1B8DBEE000138989 /* AppDelegate.m */ = {isa = PBXFileReference; lastKnownFileType = sourcecode.c.objc; path = AppDelegate.m; sourceTree = "<group>"; };
		29C596651B8DBEE000138989 /* Base */ = {isa = PBXFileReference; lastKnownFileType = file.storyboard; name = Base; path = Base.lproj/Main.storyboard; sourceTree = "<group>"; };
		29C596671B8DBEE000138989 /* Images.xcassets */ = {isa = PBXFileReference; lastKnownFileType = folder.assetcatalog; path = Images.xcassets; sourceTree = "<group>"; };
		29C5966A1B8DBEE000138989 /* Base */ = {isa = PBXFileReference; lastKnownFileType = file.xib; name = Base; path = Base.lproj/LaunchScreen.xib; sourceTree = "<group>"; };
		29C596701B8DBEE000138989 /* ParentsTests.xctest */ = {isa = PBXFileReference; explicitFileType = wrapper.cfbundle; includeInIndex = 0; path = ParentsTests.xctest; sourceTree = BUILT_PRODUCTS_DIR; };
		29C596751B8DBEE000138989 /* Info.plist */ = {isa = PBXFileReference; lastKnownFileType = text.plist.xml; path = Info.plist; sourceTree = "<group>"; };
		29C596761B8DBEE000138989 /* ParentsTests.m */ = {isa = PBXFileReference; lastKnownFileType = sourcecode.c.objc; path = ParentsTests.m; sourceTree = "<group>"; };
		29C596801B8DDEFA00138989 /* FBSDKCoreKit.framework */ = {isa = PBXFileReference; lastKnownFileType = wrapper.framework; name = FBSDKCoreKit.framework; path = SDKs/FBSDKCoreKit.framework; sourceTree = "<group>"; };
		29C596821B8DE04600138989 /* FBSDKLoginKit.framework */ = {isa = PBXFileReference; lastKnownFileType = wrapper.framework; name = FBSDKLoginKit.framework; path = SDKs/FBSDKLoginKit.framework; sourceTree = "<group>"; };
		29C596841B8EEF2500138989 /* HomeVC.h */ = {isa = PBXFileReference; fileEncoding = 4; lastKnownFileType = sourcecode.c.h; name = HomeVC.h; path = Class/Home/HomeVC.h; sourceTree = "<group>"; };
		29C596851B8EEF2500138989 /* HomeVC.m */ = {isa = PBXFileReference; fileEncoding = 4; lastKnownFileType = sourcecode.c.objc; name = HomeVC.m; path = Class/Home/HomeVC.m; sourceTree = "<group>"; };
		29C5968C1B8F051300138989 /* ExploreVC.h */ = {isa = PBXFileReference; fileEncoding = 4; lastKnownFileType = sourcecode.c.h; name = ExploreVC.h; path = Class/Home/Explore/ExploreVC.h; sourceTree = "<group>"; };
		29C5968D1B8F051400138989 /* ExploreVC.m */ = {isa = PBXFileReference; fileEncoding = 4; lastKnownFileType = sourcecode.c.objc; name = ExploreVC.m; path = Class/Home/Explore/ExploreVC.m; sourceTree = "<group>"; };
		29C596931B8F05E300138989 /* MessagesHomeVC.h */ = {isa = PBXFileReference; fileEncoding = 4; lastKnownFileType = sourcecode.c.h; name = MessagesHomeVC.h; path = Class/Home/Message/MessagesHomeVC.h; sourceTree = "<group>"; };
		29C596941B8F05E300138989 /* MessagesHomeVC.m */ = {isa = PBXFileReference; fileEncoding = 4; lastKnownFileType = sourcecode.c.objc; name = MessagesHomeVC.m; path = Class/Home/Message/MessagesHomeVC.m; sourceTree = "<group>"; };
		29C596961B8F060200138989 /* CommunityHomeVC.h */ = {isa = PBXFileReference; fileEncoding = 4; lastKnownFileType = sourcecode.c.h; name = CommunityHomeVC.h; path = Class/Home/Community/CommunityHomeVC.h; sourceTree = "<group>"; };
		29C596971B8F060200138989 /* CommunityHomeVC.m */ = {isa = PBXFileReference; fileEncoding = 4; lastKnownFileType = sourcecode.c.objc; name = CommunityHomeVC.m; path = Class/Home/Community/CommunityHomeVC.m; sourceTree = "<group>"; };
		29C596991B8F062000138989 /* DashboardHomeVC.h */ = {isa = PBXFileReference; fileEncoding = 4; lastKnownFileType = sourcecode.c.h; name = DashboardHomeVC.h; path = Class/Home/Dashboard/DashboardHomeVC.h; sourceTree = "<group>"; };
		29C5969A1B8F062000138989 /* DashboardHomeVC.m */ = {isa = PBXFileReference; fileEncoding = 4; lastKnownFileType = sourcecode.c.objc; name = DashboardHomeVC.m; path = Class/Home/Dashboard/DashboardHomeVC.m; sourceTree = "<group>"; };
		29C5969C1B8F064100138989 /* ShopHomeVC.h */ = {isa = PBXFileReference; fileEncoding = 4; lastKnownFileType = sourcecode.c.h; name = ShopHomeVC.h; path = Class/Home/Shop/ShopHomeVC.h; sourceTree = "<group>"; };
		29C5969D1B8F064100138989 /* ShopHomeVC.m */ = {isa = PBXFileReference; fileEncoding = 4; lastKnownFileType = sourcecode.c.objc; name = ShopHomeVC.m; path = Class/Home/Shop/ShopHomeVC.m; sourceTree = "<group>"; };
		4780BC81102B7D758096A04A /* libPods.a */ = {isa = PBXFileReference; explicitFileType = archive.ar; includeInIndex = 0; path = libPods.a; sourceTree = BUILT_PRODUCTS_DIR; };
		B85CF410463D1BB17994E08B /* Pods.debug.xcconfig */ = {isa = PBXFileReference; includeInIndex = 1; lastKnownFileType = text.xcconfig; name = Pods.debug.xcconfig; path = "Pods/Target Support Files/Pods/Pods.debug.xcconfig"; sourceTree = "<group>"; };
		E4052828A70E9B1B5032D893 /* Pods.release.xcconfig */ = {isa = PBXFileReference; includeInIndex = 1; lastKnownFileType = text.xcconfig; name = Pods.release.xcconfig; path = "Pods/Target Support Files/Pods/Pods.release.xcconfig"; sourceTree = "<group>"; };
/* End PBXFileReference section */

/* Begin PBXFrameworksBuildPhase section */
		29C596541B8DBEE000138989 /* Frameworks */ = {
			isa = PBXFrameworksBuildPhase;
			buildActionMask = 2147483647;
			files = (
				29C596831B8DE04600138989 /* FBSDKLoginKit.framework in Frameworks */,
				29C596811B8DDEFA00138989 /* FBSDKCoreKit.framework in Frameworks */,
				9211C3A3C427E8E6CDD67CCC /* libPods.a in Frameworks */,
			);
			runOnlyForDeploymentPostprocessing = 0;
		};
		29C5966D1B8DBEE000138989 /* Frameworks */ = {
			isa = PBXFrameworksBuildPhase;
			buildActionMask = 2147483647;
			files = (
			);
			runOnlyForDeploymentPostprocessing = 0;
		};
/* End PBXFrameworksBuildPhase section */

/* Begin PBXGroup section */
		19A3199FC4D2ACEBB17F76AC /* Pods */ = {
			isa = PBXGroup;
			children = (
				B85CF410463D1BB17994E08B /* Pods.debug.xcconfig */,
				E4052828A70E9B1B5032D893 /* Pods.release.xcconfig */,
			);
			name = Pods;
			sourceTree = "<group>";
		};
		294D410D1B9580B100C83ADF /* Cells */ = {
			isa = PBXGroup;
			children = (
				294D410E1B9580BA00C83ADF /* Discover */,
			);
			name = Cells;
			sourceTree = "<group>";
		};
		294D410E1B9580BA00C83ADF /* Discover */ = {
			isa = PBXGroup;
			children = (
				294D41081B95808100C83ADF /* ELDiscoverListCell.h */,
				294D41091B95808100C83ADF /* ELDiscoverListCell.m */,
				294D410A1B95808100C83ADF /* ELDiscoverListCell.xib */,
			);
			name = Discover;
			sourceTree = "<group>";
		};
		294D410F1B9580C900C83ADF /* Model */ = {
			isa = PBXGroup;
			children = (
				29B245BD1B9425BC0040C306 /* Recomendation */,
				2994C60E1B9082AD00742A93 /* ExploreDataModel.h */,
				2994C60F1B9082AD00742A93 /* ExploreDataModel.m */,
			);
			name = Model;
			sourceTree = "<group>";
		};
		294D41101B959C3A00C83ADF /* VVSpringCollectionViewFlowLayout */ = {
			isa = PBXGroup;
			children = (
				294D41111B959C3A00C83ADF /* SpringCollectionViewFlowLayout.h */,
				294D41121B959C3A00C83ADF /* SpringCollectionViewFlowLayout.m */,
			);
			name = VVSpringCollectionViewFlowLayout;
			path = Parents/Class/Utility/VVSpringCollectionViewFlowLayout;
			sourceTree = SOURCE_ROOT;
		};
		29A1D82A1B942DFD003AEA54 /* Constants */ = {
			isa = PBXGroup;
			children = (
				29A1D82B1B942E17003AEA54 /* Config.h */,
			);
			name = Constants;
			sourceTree = "<group>";
		};
		29B245BA1B94251E0040C306 /* Appdelegate */ = {
			isa = PBXGroup;
			children = (
				29C5965E1B8DBEE000138989 /* AppDelegate.h */,
				29C5965F1B8DBEE000138989 /* AppDelegate.m */,
			);
			name = Appdelegate;
			sourceTree = "<group>";
		};
		29B245BB1B94252C0040C306 /* Interfaces */ = {
			isa = PBXGroup;
			children = (
				29C596641B8DBEE000138989 /* Main.storyboard */,
				29C596691B8DBEE000138989 /* LaunchScreen.xib */,
			);
			name = Interfaces;
			sourceTree = "<group>";
		};
		29B245BC1B9425470040C306 /* Class */ = {
			isa = PBXGroup;
			children = (
				29A1D82A1B942DFD003AEA54 /* Constants */,
				FB98FEF41B907528007F5C4D /* Utility */,
				29C5968A1B8F04E900138989 /* Home */,
			);
			name = Class;
			sourceTree = "<group>";
		};
		29B245BD1B9425BC0040C306 /* Recomendation */ = {
			isa = PBXGroup;
			children = (
				29B245BE1B9425BC0040C306 /* DataModels.h */,
				29B245BF1B9425BC0040C306 /* RecomendationActivities.h */,
				29B245C01B9425BC0040C306 /* RecomendationActivities.m */,
				29B245C11B9425BC0040C306 /* RecomendationBaseClass.h */,
				29B245C21B9425BC0040C306 /* RecomendationBaseClass.m */,
				29B245C31B9425BC0040C306 /* RecomendationChildren.h */,
				29B245C41B9425BC0040C306 /* RecomendationChildren.m */,
				29B245C51B9425BC0040C306 /* RecomendationDiscover.h */,
				29B245C61B9425BC0040C306 /* RecomendationDiscover.m */,
				29B245C71B9425BC0040C306 /* RecomendationEvents.h */,
				29B245C81B9425BC0040C306 /* RecomendationEvents.m */,
				29B245C91B9425BC0040C306 /* RecomendationExperiences.h */,
				29B245CA1B9425BC0040C306 /* RecomendationExperiences.m */,
				29B245CB1B9425BC0040C306 /* RecomendationMarketPlaces.h */,
				29B245CC1B9425BC0040C306 /* RecomendationMarketPlaces.m */,
				29B245CD1B9425BC0040C306 /* RecomendationNotifications.h */,
				29B245CE1B9425BC0040C306 /* RecomendationNotifications.m */,
				29B245CF1B9425BC0040C306 /* RecomendationProducts.h */,
				29B245D01B9425BC0040C306 /* RecomendationProducts.m */,
			);
			name = Recomendation;
			path = Class/Home/Explore/Recomendation;
			sourceTree = "<group>";
		};
		29C5964E1B8DBEE000138989 = {
			isa = PBXGroup;
			children = (
				29C596591B8DBEE000138989 /* Parents */,
				29C596731B8DBEE000138989 /* ParentsTests */,
				29C596581B8DBEE000138989 /* Products */,
				19A3199FC4D2ACEBB17F76AC /* Pods */,
				3DFB371A967037B20D184B4F /* Frameworks */,
			);
			sourceTree = "<group>";
		};
		29C596581B8DBEE000138989 /* Products */ = {
			isa = PBXGroup;
			children = (
				29C596571B8DBEE000138989 /* Parents.app */,
				29C596701B8DBEE000138989 /* ParentsTests.xctest */,
			);
			name = Products;
			sourceTree = "<group>";
		};
		29C596591B8DBEE000138989 /* Parents */ = {
			isa = PBXGroup;
			children = (
				29B245BC1B9425470040C306 /* Class */,
				29B245BA1B94251E0040C306 /* Appdelegate */,
				29B245BB1B94252C0040C306 /* Interfaces */,
				29C596671B8DBEE000138989 /* Images.xcassets */,
				29C5965A1B8DBEE000138989 /* Supporting Files */,
			);
			path = Parents;
			sourceTree = "<group>";
		};
		29C5965A1B8DBEE000138989 /* Supporting Files */ = {
			isa = PBXGroup;
			children = (
				29C596D81B8F142400138989 /* Images */,
				29C596D91B8F143300138989 /* Framework */,
				29C5965B1B8DBEE000138989 /* Info.plist */,
				29C5965C1B8DBEE000138989 /* main.m */,
			);
			name = "Supporting Files";
			sourceTree = "<group>";
		};
		29C596731B8DBEE000138989 /* ParentsTests */ = {
			isa = PBXGroup;
			children = (
				29C596761B8DBEE000138989 /* ParentsTests.m */,
				29C596741B8DBEE000138989 /* Supporting Files */,
			);
			path = ParentsTests;
			sourceTree = "<group>";
		};
		29C596741B8DBEE000138989 /* Supporting Files */ = {
			isa = PBXGroup;
			children = (
				29C596751B8DBEE000138989 /* Info.plist */,
			);
			name = "Supporting Files";
			sourceTree = "<group>";
		};
		29C5968A1B8F04E900138989 /* Home */ = {
			isa = PBXGroup;
			children = (
				29D7A9F31B905A7200C4D406 /* Login */,
				29C596921B8F05BF00138989 /* Shop */,
				29C596911B8F05B100138989 /* Dashboard */,
				29C596901B8F059400138989 /* Community */,
				29C5968F1B8F058B00138989 /* Messages */,
				29C5968B1B8F04F000138989 /* Explore */,
				29C596841B8EEF2500138989 /* HomeVC.h */,
				29C596851B8EEF2500138989 /* HomeVC.m */,
			);
			name = Home;
			sourceTree = "<group>";
		};
		29C5968B1B8F04F000138989 /* Explore */ = {
			isa = PBXGroup;
			children = (
				294D410F1B9580C900C83ADF /* Model */,
				29C5968C1B8F051300138989 /* ExploreVC.h */,
				29C5968D1B8F051400138989 /* ExploreVC.m */,
				29A1D8681B956B3B003AEA54 /* ExploreListVC.h */,
				294D41141B959F5200C83ADF /* ExploreListVC.m */,
				294D410D1B9580B100C83ADF /* Cells */,
			);
			name = Explore;
			sourceTree = "<group>";
		};
		29C5968F1B8F058B00138989 /* Messages */ = {
			isa = PBXGroup;
			children = (
				29C596931B8F05E300138989 /* MessagesHomeVC.h */,
				29C596941B8F05E300138989 /* MessagesHomeVC.m */,
			);
			name = Messages;
			sourceTree = "<group>";
		};
		29C596901B8F059400138989 /* Community */ = {
			isa = PBXGroup;
			children = (
				29C596961B8F060200138989 /* CommunityHomeVC.h */,
				29C596971B8F060200138989 /* CommunityHomeVC.m */,
			);
			name = Community;
			sourceTree = "<group>";
		};
		29C596911B8F05B100138989 /* Dashboard */ = {
			isa = PBXGroup;
			children = (
				29C596991B8F062000138989 /* DashboardHomeVC.h */,
				29C5969A1B8F062000138989 /* DashboardHomeVC.m */,
			);
			name = Dashboard;
			sourceTree = "<group>";
		};
		29C596921B8F05BF00138989 /* Shop */ = {
			isa = PBXGroup;
			children = (
				29C5969C1B8F064100138989 /* ShopHomeVC.h */,
				29C5969D1B8F064100138989 /* ShopHomeVC.m */,
			);
			name = Shop;
			sourceTree = "<group>";
		};
		29C596D81B8F142400138989 /* Images */ = {
			isa = PBXGroup;
			children = (
				298795701B98189A00FA468F /* pieMenu.png */,
				298795711B98189A00FA468F /* search.png */,
				2987956C1B9816C200FA468F /* back.png */,
				2987956D1B9816C200FA468F /* filter.png */,
				2987956A1B98159300FA468F /* 03_A_Explore_Discover_View_All.png */,
				294D41161B96D06E00C83ADF /* Explore_bg.png */,
				29A1D8101B942A57003AEA54 /* BottomBar.png */,
				29A1D82F1B945200003AEA54 /* avatar.png */,
				29A1D8111B942A57003AEA54 /* Comm_icon.png */,
				29A1D8121B942A57003AEA54 /* Dash_icon.png */,
				29A1D8131B942A57003AEA54 /* EventPlaner.png */,
				29A1D8141B942A57003AEA54 /* Explore_icon.png */,
				29A1D8151B942A57003AEA54 /* Explore_list.png */,
				29A1D8161B942A57003AEA54 /* Explore.png */,
				29A1D8171B942A57003AEA54 /* Messages_icon.png */,
				29A1D8181B942A57003AEA54 /* recomend.png */,
				29A1D8191B942A57003AEA54 /* selection.png */,
				29A1D81A1B942A57003AEA54 /* Shop_icon.png */,
				29A1D81B1B942A57003AEA54 /* Shop_selected.png */,
				29A1D81C1B942A57003AEA54 /* Shop.png */,
			);
			name = Images;
			sourceTree = "<group>";
		};
		29C596D91B8F143300138989 /* Framework */ = {
			isa = PBXGroup;
			children = (
				29C596821B8DE04600138989 /* FBSDKLoginKit.framework */,
				29C596801B8DDEFA00138989 /* FBSDKCoreKit.framework */,
			);
			name = Framework;
			sourceTree = "<group>";
		};
		29D7A9F31B905A7200C4D406 /* Login */ = {
			isa = PBXGroup;
			children = (
				29A1D80D1B942A18003AEA54 /* LoginService.h */,
				29A1D80E1B942A18003AEA54 /* LoginService.m */,
				29B245DA1B9426510040C306 /* ViewController.h */,
				29B245DB1B9426510040C306 /* ViewController.m */,
				29B245E31B9427030040C306 /* SignUpVC.h */,
				29B245E41B9427030040C306 /* SignUpVC.m */,
			);
			name = Login;
			sourceTree = "<group>";
		};
		3DFB371A967037B20D184B4F /* Frameworks */ = {
			isa = PBXGroup;
			children = (
				4780BC81102B7D758096A04A /* libPods.a */,
			);
			name = Frameworks;
			sourceTree = "<group>";
		};
		FB98FEF41B907528007F5C4D /* Utility */ = {
			isa = PBXGroup;
			children = (
				294D41101B959C3A00C83ADF /* VVSpringCollectionViewFlowLayout */,
				29B245DD1B9426B90040C306 /* AppSingleton.h */,
				29B245DE1B9426B90040C306 /* AppSingleton.m */,
				29A1D82C1B9434F5003AEA54 /* AppUtils.h */,
				29A1D82D1B9434F5003AEA54 /* AppUtils.m */,
			);
			path = Utility;
			sourceTree = "<group>";
		};
/* End PBXGroup section */

/* Begin PBXNativeTarget section */
		29C596561B8DBEE000138989 /* Parents */ = {
			isa = PBXNativeTarget;
			buildConfigurationList = 29C5967A1B8DBEE000138989 /* Build configuration list for PBXNativeTarget "Parents" */;
			buildPhases = (
				65990E8F01E4C7ECC7D42928 /* Check Pods Manifest.lock */,
				29C596531B8DBEE000138989 /* Sources */,
				29C596541B8DBEE000138989 /* Frameworks */,
				29C596551B8DBEE000138989 /* Resources */,
				B8180D48AE8AFC0EC8F56788 /* Copy Pods Resources */,
			);
			buildRules = (
			);
			dependencies = (
			);
			name = Parents;
			productName = Parents;
			productReference = 29C596571B8DBEE000138989 /* Parents.app */;
			productType = "com.apple.product-type.application";
		};
		29C5966F1B8DBEE000138989 /* ParentsTests */ = {
			isa = PBXNativeTarget;
			buildConfigurationList = 29C5967D1B8DBEE000138989 /* Build configuration list for PBXNativeTarget "ParentsTests" */;
			buildPhases = (
				29C5966C1B8DBEE000138989 /* Sources */,
				29C5966D1B8DBEE000138989 /* Frameworks */,
				29C5966E1B8DBEE000138989 /* Resources */,
			);
			buildRules = (
			);
			dependencies = (
				29C596721B8DBEE000138989 /* PBXTargetDependency */,
			);
			name = ParentsTests;
			productName = ParentsTests;
			productReference = 29C596701B8DBEE000138989 /* ParentsTests.xctest */;
			productType = "com.apple.product-type.bundle.unit-test";
		};
/* End PBXNativeTarget section */

/* Begin PBXProject section */
		29C5964F1B8DBEE000138989 /* Project object */ = {
			isa = PBXProject;
			attributes = {
				LastUpgradeCheck = 0630;
				ORGANIZATIONNAME = Karthikeyan;
				TargetAttributes = {
					29C596561B8DBEE000138989 = {
						CreatedOnToolsVersion = 6.3;
					};
					29C5966F1B8DBEE000138989 = {
						CreatedOnToolsVersion = 6.3;
						TestTargetID = 29C596561B8DBEE000138989;
					};
				};
			};
			buildConfigurationList = 29C596521B8DBEE000138989 /* Build configuration list for PBXProject "Parents" */;
			compatibilityVersion = "Xcode 3.2";
			developmentRegion = English;
			hasScannedForEncodings = 0;
			knownRegions = (
				en,
				Base,
			);
			mainGroup = 29C5964E1B8DBEE000138989;
			productRefGroup = 29C596581B8DBEE000138989 /* Products */;
			projectDirPath = "";
			projectRoot = "";
			targets = (
				29C596561B8DBEE000138989 /* Parents */,
				29C5966F1B8DBEE000138989 /* ParentsTests */,
			);
		};
/* End PBXProject section */

/* Begin PBXResourcesBuildPhase section */
		29C596551B8DBEE000138989 /* Resources */ = {
			isa = PBXResourcesBuildPhase;
			buildActionMask = 2147483647;
			files = (
				29C596661B8DBEE000138989 /* Main.storyboard in Resources */,
				29C5966B1B8DBEE000138989 /* LaunchScreen.xib in Resources */,
				29A1D8211B942A57003AEA54 /* Explore_icon.png in Resources */,
				294D41171B96D06E00C83ADF /* Explore_bg.png in Resources */,
				29A1D8231B942A57003AEA54 /* Explore.png in Resources */,
				29A1D81F1B942A57003AEA54 /* Dash_icon.png in Resources */,
				29A1D8291B942A57003AEA54 /* Shop.png in Resources */,
				29A1D81D1B942A57003AEA54 /* BottomBar.png in Resources */,
				29A1D8281B942A57003AEA54 /* Shop_selected.png in Resources */,
				29A1D8221B942A57003AEA54 /* Explore_list.png in Resources */,
				29A1D8241B942A57003AEA54 /* Messages_icon.png in Resources */,
				2987956E1B9816C200FA468F /* back.png in Resources */,
				298795721B98189A00FA468F /* pieMenu.png in Resources */,
				29A1D8251B942A57003AEA54 /* recomend.png in Resources */,
				29A1D8201B942A57003AEA54 /* EventPlaner.png in Resources */,
				29A1D81E1B942A57003AEA54 /* Comm_icon.png in Resources */,
				29A1D8301B945200003AEA54 /* avatar.png in Resources */,
				29A1D8261B942A57003AEA54 /* selection.png in Resources */,
				29A1D8271B942A57003AEA54 /* Shop_icon.png in Resources */,
				298795731B98189A00FA468F /* search.png in Resources */,
				29C596681B8DBEE000138989 /* Images.xcassets in Resources */,
				2987956B1B98159300FA468F /* 03_A_Explore_Discover_View_All.png in Resources */,
				294D410C1B95808100C83ADF /* ELDiscoverListCell.xib in Resources */,
				2987956F1B9816C200FA468F /* filter.png in Resources */,
			);
			runOnlyForDeploymentPostprocessing = 0;
		};
		29C5966E1B8DBEE000138989 /* Resources */ = {
			isa = PBXResourcesBuildPhase;
			buildActionMask = 2147483647;
			files = (
			);
			runOnlyForDeploymentPostprocessing = 0;
		};
/* End PBXResourcesBuildPhase section */

/* Begin PBXShellScriptBuildPhase section */
		65990E8F01E4C7ECC7D42928 /* Check Pods Manifest.lock */ = {
			isa = PBXShellScriptBuildPhase;
			buildActionMask = 2147483647;
			files = (
			);
			inputPaths = (
			);
			name = "Check Pods Manifest.lock";
			outputPaths = (
			);
			runOnlyForDeploymentPostprocessing = 0;
			shellPath = /bin/sh;
			shellScript = "diff \"${PODS_ROOT}/../Podfile.lock\" \"${PODS_ROOT}/Manifest.lock\" > /dev/null\nif [[ $? != 0 ]] ; then\n    cat << EOM\nerror: The sandbox is not in sync with the Podfile.lock. Run 'pod install' or update your CocoaPods installation.\nEOM\n    exit 1\nfi\n";
			showEnvVarsInLog = 0;
		};
		B8180D48AE8AFC0EC8F56788 /* Copy Pods Resources */ = {
			isa = PBXShellScriptBuildPhase;
			buildActionMask = 2147483647;
			files = (
			);
			inputPaths = (
			);
			name = "Copy Pods Resources";
			outputPaths = (
			);
			runOnlyForDeploymentPostprocessing = 0;
			shellPath = /bin/sh;
			shellScript = "\"${SRCROOT}/Pods/Target Support Files/Pods/Pods-resources.sh\"\n";
			showEnvVarsInLog = 0;
		};
/* End PBXShellScriptBuildPhase section */

/* Begin PBXSourcesBuildPhase section */
		29C596531B8DBEE000138989 /* Sources */ = {
			isa = PBXSourcesBuildPhase;
			buildActionMask = 2147483647;
			files = (
				29B245D51B9425BC0040C306 /* RecomendationEvents.m in Sources */,
				29B245DF1B9426B90040C306 /* AppSingleton.m in Sources */,
				29B245D71B9425BC0040C306 /* RecomendationMarketPlaces.m in Sources */,
				29C596951B8F05E300138989 /* MessagesHomeVC.m in Sources */,
				29B245D31B9425BC0040C306 /* RecomendationChildren.m in Sources */,
				29B245D91B9425BC0040C306 /* RecomendationProducts.m in Sources */,
				29B245E51B9427030040C306 /* SignUpVC.m in Sources */,
				29C596601B8DBEE000138989 /* AppDelegate.m in Sources */,
				294D41151B959F5200C83ADF /* ExploreListVC.m in Sources */,
				29C5969E1B8F064100138989 /* ShopHomeVC.m in Sources */,
				29C596981B8F060200138989 /* CommunityHomeVC.m in Sources */,
				29B245D21B9425BC0040C306 /* RecomendationBaseClass.m in Sources */,
				29B245D81B9425BC0040C306 /* RecomendationNotifications.m in Sources */,
				29C5969B1B8F062000138989 /* DashboardHomeVC.m in Sources */,
				29B245D11B9425BC0040C306 /* RecomendationActivities.m in Sources */,
				2994C6101B9082AD00742A93 /* ExploreDataModel.m in Sources */,
				29B245DC1B9426510040C306 /* ViewController.m in Sources */,
				29C596861B8EEF2500138989 /* HomeVC.m in Sources */,
				294D41131B959C3A00C83ADF /* SpringCollectionViewFlowLayout.m in Sources */,
				29A1D82E1B9434F5003AEA54 /* AppUtils.m in Sources */,
				29A1D80F1B942A18003AEA54 /* LoginService.m in Sources */,
				29B245D61B9425BC0040C306 /* RecomendationExperiences.m in Sources */,
				29B245D41B9425BC0040C306 /* RecomendationDiscover.m in Sources */,
				29C5968E1B8F051400138989 /* ExploreVC.m in Sources */,
				294D410B1B95808100C83ADF /* ELDiscoverListCell.m in Sources */,
				29C5965D1B8DBEE000138989 /* main.m in Sources */,
			);
			runOnlyForDeploymentPostprocessing = 0;
		};
		29C5966C1B8DBEE000138989 /* Sources */ = {
			isa = PBXSourcesBuildPhase;
			buildActionMask = 2147483647;
			files = (
				29C596771B8DBEE000138989 /* ParentsTests.m in Sources */,
			);
			runOnlyForDeploymentPostprocessing = 0;
		};
/* End PBXSourcesBuildPhase section */

/* Begin PBXTargetDependency section */
		29C596721B8DBEE000138989 /* PBXTargetDependency */ = {
			isa = PBXTargetDependency;
			target = 29C596561B8DBEE000138989 /* Parents */;
			targetProxy = 29C596711B8DBEE000138989 /* PBXContainerItemProxy */;
		};
/* End PBXTargetDependency section */

/* Begin PBXVariantGroup section */
		29C596641B8DBEE000138989 /* Main.storyboard */ = {
			isa = PBXVariantGroup;
			children = (
				29C596651B8DBEE000138989 /* Base */,
			);
			name = Main.storyboard;
			sourceTree = "<group>";
		};
		29C596691B8DBEE000138989 /* LaunchScreen.xib */ = {
			isa = PBXVariantGroup;
			children = (
				29C5966A1B8DBEE000138989 /* Base */,
			);
			name = LaunchScreen.xib;
			sourceTree = "<group>";
		};
/* End PBXVariantGroup section */

/* Begin XCBuildConfiguration section */
		29C596781B8DBEE000138989 /* Debug */ = {
			isa = XCBuildConfiguration;
			buildSettings = {
				ALWAYS_SEARCH_USER_PATHS = NO;
				CLANG_CXX_LANGUAGE_STANDARD = "gnu++0x";
				CLANG_CXX_LIBRARY = "libc++";
				CLANG_ENABLE_MODULES = YES;
				CLANG_ENABLE_OBJC_ARC = YES;
				CLANG_WARN_BOOL_CONVERSION = YES;
				CLANG_WARN_CONSTANT_CONVERSION = YES;
				CLANG_WARN_DIRECT_OBJC_ISA_USAGE = YES_ERROR;
				CLANG_WARN_EMPTY_BODY = YES;
				CLANG_WARN_ENUM_CONVERSION = YES;
				CLANG_WARN_INT_CONVERSION = YES;
				CLANG_WARN_OBJC_ROOT_CLASS = YES_ERROR;
				CLANG_WARN_UNREACHABLE_CODE = YES;
				CLANG_WARN__DUPLICATE_METHOD_MATCH = YES;
				"CODE_SIGN_IDENTITY[sdk=iphoneos*]" = "iPhone Developer";
				COPY_PHASE_STRIP = NO;
				DEBUG_INFORMATION_FORMAT = "dwarf-with-dsym";
				ENABLE_STRICT_OBJC_MSGSEND = YES;
				GCC_C_LANGUAGE_STANDARD = gnu99;
				GCC_DYNAMIC_NO_PIC = NO;
				GCC_NO_COMMON_BLOCKS = YES;
				GCC_OPTIMIZATION_LEVEL = 0;
				GCC_PREPROCESSOR_DEFINITIONS = (
					"DEBUG=1",
					"$(inherited)",
				);
				GCC_SYMBOLS_PRIVATE_EXTERN = NO;
				GCC_WARN_64_TO_32_BIT_CONVERSION = YES;
				GCC_WARN_ABOUT_RETURN_TYPE = YES_ERROR;
				GCC_WARN_UNDECLARED_SELECTOR = YES;
				GCC_WARN_UNINITIALIZED_AUTOS = YES_AGGRESSIVE;
				GCC_WARN_UNUSED_FUNCTION = YES;
				GCC_WARN_UNUSED_VARIABLE = YES;
				IPHONEOS_DEPLOYMENT_TARGET = 8.3;
				MTL_ENABLE_DEBUG_INFO = YES;
				ONLY_ACTIVE_ARCH = YES;
				SDKROOT = iphoneos;
				TARGETED_DEVICE_FAMILY = "1,2";
			};
			name = Debug;
		};
		29C596791B8DBEE000138989 /* Release */ = {
			isa = XCBuildConfiguration;
			buildSettings = {
				ALWAYS_SEARCH_USER_PATHS = NO;
				CLANG_CXX_LANGUAGE_STANDARD = "gnu++0x";
				CLANG_CXX_LIBRARY = "libc++";
				CLANG_ENABLE_MODULES = YES;
				CLANG_ENABLE_OBJC_ARC = YES;
				CLANG_WARN_BOOL_CONVERSION = YES;
				CLANG_WARN_CONSTANT_CONVERSION = YES;
				CLANG_WARN_DIRECT_OBJC_ISA_USAGE = YES_ERROR;
				CLANG_WARN_EMPTY_BODY = YES;
				CLANG_WARN_ENUM_CONVERSION = YES;
				CLANG_WARN_INT_CONVERSION = YES;
				CLANG_WARN_OBJC_ROOT_CLASS = YES_ERROR;
				CLANG_WARN_UNREACHABLE_CODE = YES;
				CLANG_WARN__DUPLICATE_METHOD_MATCH = YES;
				"CODE_SIGN_IDENTITY[sdk=iphoneos*]" = "iPhone Developer";
				COPY_PHASE_STRIP = NO;
				DEBUG_INFORMATION_FORMAT = "dwarf-with-dsym";
				ENABLE_NS_ASSERTIONS = NO;
				ENABLE_STRICT_OBJC_MSGSEND = YES;
				GCC_C_LANGUAGE_STANDARD = gnu99;
				GCC_NO_COMMON_BLOCKS = YES;
				GCC_WARN_64_TO_32_BIT_CONVERSION = YES;
				GCC_WARN_ABOUT_RETURN_TYPE = YES_ERROR;
				GCC_WARN_UNDECLARED_SELECTOR = YES;
				GCC_WARN_UNINITIALIZED_AUTOS = YES_AGGRESSIVE;
				GCC_WARN_UNUSED_FUNCTION = YES;
				GCC_WARN_UNUSED_VARIABLE = YES;
				IPHONEOS_DEPLOYMENT_TARGET = 8.3;
				MTL_ENABLE_DEBUG_INFO = NO;
				SDKROOT = iphoneos;
				TARGETED_DEVICE_FAMILY = "1,2";
				VALIDATE_PRODUCT = YES;
			};
			name = Release;
		};
		29C5967B1B8DBEE000138989 /* Debug */ = {
			isa = XCBuildConfiguration;
			baseConfigurationReference = B85CF410463D1BB17994E08B /* Pods.debug.xcconfig */;
			buildSettings = {
				ASSETCATALOG_COMPILER_APPICON_NAME = AppIcon;
				FRAMEWORK_SEARCH_PATHS = (
					"$(inherited)",
					"$(PROJECT_DIR)/Parents/SDKs",
				);
				INFOPLIST_FILE = Parents/Info.plist;
				LD_RUNPATH_SEARCH_PATHS = "$(inherited) @executable_path/Frameworks";
				PRODUCT_NAME = "$(TARGET_NAME)";
				TARGETED_DEVICE_FAMILY = 1;
			};
			name = Debug;
		};
		29C5967C1B8DBEE000138989 /* Release */ = {
			isa = XCBuildConfiguration;
			baseConfigurationReference = E4052828A70E9B1B5032D893 /* Pods.release.xcconfig */;
			buildSettings = {
				ASSETCATALOG_COMPILER_APPICON_NAME = AppIcon;
				FRAMEWORK_SEARCH_PATHS = (
					"$(inherited)",
					"$(PROJECT_DIR)/Parents/SDKs",
				);
				INFOPLIST_FILE = Parents/Info.plist;
				LD_RUNPATH_SEARCH_PATHS = "$(inherited) @executable_path/Frameworks";
				PRODUCT_NAME = "$(TARGET_NAME)";
				TARGETED_DEVICE_FAMILY = 1;
			};
			name = Release;
		};
		29C5967E1B8DBEE000138989 /* Debug */ = {
			isa = XCBuildConfiguration;
			buildSettings = {
				BUNDLE_LOADER = "$(TEST_HOST)";
				FRAMEWORK_SEARCH_PATHS = (
					"$(SDKROOT)/Developer/Library/Frameworks",
					"$(inherited)",
				);
				GCC_PREPROCESSOR_DEFINITIONS = (
					"DEBUG=1",
					"$(inherited)",
				);
				INFOPLIST_FILE = ParentsTests/Info.plist;
				LD_RUNPATH_SEARCH_PATHS = "$(inherited) @executable_path/Frameworks @loader_path/Frameworks";
				PRODUCT_NAME = "$(TARGET_NAME)";
				TEST_HOST = "$(BUILT_PRODUCTS_DIR)/Parents.app/Parents";
			};
			name = Debug;
		};
		29C5967F1B8DBEE000138989 /* Release */ = {
			isa = XCBuildConfiguration;
			buildSettings = {
				BUNDLE_LOADER = "$(TEST_HOST)";
				FRAMEWORK_SEARCH_PATHS = (
					"$(SDKROOT)/Developer/Library/Frameworks",
					"$(inherited)",
				);
				INFOPLIST_FILE = ParentsTests/Info.plist;
				LD_RUNPATH_SEARCH_PATHS = "$(inherited) @executable_path/Frameworks @loader_path/Frameworks";
				PRODUCT_NAME = "$(TARGET_NAME)";
				TEST_HOST = "$(BUILT_PRODUCTS_DIR)/Parents.app/Parents";
			};
			name = Release;
		};
/* End XCBuildConfiguration section */

/* Begin XCConfigurationList section */
		29C596521B8DBEE000138989 /* Build configuration list for PBXProject "Parents" */ = {
			isa = XCConfigurationList;
			buildConfigurations = (
				29C596781B8DBEE000138989 /* Debug */,
				29C596791B8DBEE000138989 /* Release */,
			);
			defaultConfigurationIsVisible = 0;
			defaultConfigurationName = Release;
		};
		29C5967A1B8DBEE000138989 /* Build configuration list for PBXNativeTarget "Parents" */ = {
			isa = XCConfigurationList;
			buildConfigurations = (
				29C5967B1B8DBEE000138989 /* Debug */,
				29C5967C1B8DBEE000138989 /* Release */,
			);
			defaultConfigurationIsVisible = 0;
			defaultConfigurationName = Release;
		};
		29C5967D1B8DBEE000138989 /* Build configuration list for PBXNativeTarget "ParentsTests" */ = {
			isa = XCConfigurationList;
			buildConfigurations = (
				29C5967E1B8DBEE000138989 /* Debug */,
				29C5967F1B8DBEE000138989 /* Release */,
			);
			defaultConfigurationIsVisible = 0;
			defaultConfigurationName = Release;
		};
/* End XCConfigurationList section */
	};
	rootObject = 29C5964F1B8DBEE000138989 /* Project object */;
}
